{
  "requires": true,
  "lockfileVersion": 1,
  "dependencies": {
    "types-registry": {
      "version": "0.1.524",
      "resolved": "https://registry.npmjs.org/types-registry/-/types-registry-0.1.524.tgz",
      "integrity": "sha512-2bHJLsFunWfH8Gqi+3w1ACg8Dl43u4W+MBg5nYcuMF9Q9DDLcgmTgvgOI+c6Lm1dzxftMzN8sQXIeB1VksE3PA=="
    }
  }
}
